#MicroXplorer Configuration settings - do not modify
CAD.formats=
CAD.pinconfig=
CAD.provider=
File.Version=6
I2C1.I2C_Mode=I2C_Fast
I2C1.IPParameters=I2C_Mode
KeepUserPlacement=false
Mcu.CPN=STM32F407VGT6
Mcu.Family=STM32F4
Mcu.IP0=CRC
Mcu.IP1=I2C1
Mcu.IP2=NVIC
Mcu.IP3=RCC
Mcu.IP4=SPI1
Mcu.IP5=SYS
Mcu.IP6=TIM2
Mcu.IP7=UART5
Mcu.IPNb=8
Mcu.Name=STM32F407V(E-G)Tx
Mcu.Package=LQFP100
Mcu.Pin0=PA0-WKUP
Mcu.Pin1=PA1
Mcu.Pin10=PA13
Mcu.Pin11=PA14
Mcu.Pin12=PC12
Mcu.Pin13=PD2
Mcu.Pin14=PB6
Mcu.Pin15=PB7
Mcu.Pin16=VP_CRC_VS_CRC
Mcu.Pin17=VP_SYS_VS_Systick
Mcu.Pin18=VP_TIM2_VS_ClockSourceINT
Mcu.Pin19=VP_STMicroelectronics.X-CUBE-AI_VS_ArtificialOoIntelligenceJjXAaCUBEAaAI_10.2.0
Mcu.Pin2=PA4
Mcu.Pin3=PA5
Mcu.Pin4=PA6
Mcu.Pin5=PA7
Mcu.Pin6=PD12
Mcu.Pin7=PD13
Mcu.Pin8=PD14
Mcu.Pin9=PD15
Mcu.PinsNb=20
Mcu.ThirdParty0=STMicroelectronics.X-CUBE-AI.10.2.0
Mcu.ThirdPartyNb=1
Mcu.UserConstants=
Mcu.UserName=STM32F407VGTx
MxCube.Version=6.15.0
MxDb.Version=DB.6.0.150
NVIC.BusFault_IRQn=true\:0\:0\:false\:false\:true\:false\:false\:false
NVIC.DebugMonitor_IRQn=true\:0\:0\:false\:false\:true\:false\:false\:false
NVIC.EXTI0_IRQn=true\:0\:0\:false\:false\:true\:true\:true\:true
NVIC.ForceEnableDMAVector=true
NVIC.HardFault_IRQn=true\:0\:0\:false\:false\:true\:false\:false\:false
NVIC.MemoryManagement_IRQn=true\:0\:0\:false\:false\:true\:false\:false\:false
NVIC.NonMaskableInt_IRQn=true\:0\:0\:false\:false\:true\:false\:false\:false
NVIC.PendSV_IRQn=true\:0\:0\:false\:false\:true\:false\:false\:false
NVIC.PriorityGroup=NVIC_PRIORITYGROUP_4
NVIC.SVCall_IRQn=true\:0\:0\:false\:false\:true\:false\:false\:false
NVIC.SysTick_IRQn=true\:15\:0\:false\:false\:true\:false\:true\:false
NVIC.UsageFault_IRQn=true\:0\:0\:false\:false\:true\:false\:false\:false
PA0-WKUP.Locked=true
PA0-WKUP.Signal=GPXTI0
PA1.Locked=true
PA1.Signal=GPIO_Output
PA13.Mode=Serial_Wire
PA13.Signal=SYS_JTMS-SWDIO
PA14.Mode=Serial_Wire
PA14.Signal=SYS_JTCK-SWCLK
PA4.Locked=true
PA4.Signal=GPIO_Output
PA5.Mode=Full_Duplex_Master
PA5.Signal=SPI1_SCK
PA6.Mode=Full_Duplex_Master
PA6.Signal=SPI1_MISO
PA7.Mode=Full_Duplex_Master
PA7.Signal=SPI1_MOSI
PB6.Mode=I2C
PB6.Signal=I2C1_SCL
PB7.Mode=I2C
PB7.Signal=I2C1_SDA
PC12.Mode=Asynchronous
PC12.Signal=UART5_TX
PD12.Locked=true
PD12.Signal=GPIO_Output
PD13.Locked=true
PD13.Signal=GPIO_Output
PD14.Locked=true
PD14.Signal=GPIO_Output
PD15.Locked=true
PD15.Signal=GPIO_Output
PD2.Mode=Asynchronous
PD2.Signal=UART5_RX
PinOutPanel.RotationAngle=0
ProjectManager.AskForMigrate=true
ProjectManager.BackupPrevious=false
ProjectManager.CompilerLinker=GCC
ProjectManager.CompilerOptimize=6
ProjectManager.ComputerToolchain=false
ProjectManager.CoupleFile=false
ProjectManager.CustomerFirmwarePackage=
ProjectManager.DefaultFWLocation=true
ProjectManager.DeletePrevious=true
ProjectManager.DeviceId=STM32F407VGTx
ProjectManager.FirmwarePackage=STM32Cube FW_F4 V1.28.0
ProjectManager.FreePins=false
ProjectManager.HalAssertFull=false
ProjectManager.HeapSize=0x800
ProjectManager.KeepUserCode=true
ProjectManager.LastFirmware=false
ProjectManager.LibraryCopy=1
ProjectManager.MainLocation=Core/Src
ProjectManager.NoMain=false
ProjectManager.PreviousToolchain=
ProjectManager.ProjectBuild=false
ProjectManager.ProjectFileName=temp_classifier_1.ioc
ProjectManager.ProjectName=temp_classifier_1
ProjectManager.ProjectStructure=
ProjectManager.RegisterCallBack=
ProjectManager.StackSize=0x800
ProjectManager.TargetToolchain=STM32CubeIDE
ProjectManager.ToolChainLocation=
ProjectManager.UAScriptAfterPath=
ProjectManager.UAScriptBeforePath=
ProjectManager.UnderRoot=true
ProjectManager.functionlistsort=1-SystemClock_Config-RCC-false-HAL-false,2-MX_GPIO_Init-GPIO-false-HAL-true,3-MX_CRC_Init-CRC-false-HAL-true,4-MX_TIM2_Init-TIM2-false-HAL-true,5-MX_I2C1_Init-I2C1-false-HAL-true,6-MX_SPI1_Init-SPI1-false-HAL-true,7-MX_UART5_Init-UART5-false-HAL-true
RCC.48MHZClocksFreq_Value=84000000
RCC.AHBFreq_Value=168000000
RCC.APB1CLKDivider=RCC_HCLK_DIV4
RCC.APB1Freq_Value=42000000
RCC.APB1TimFreq_Value=84000000
RCC.APB2CLKDivider=RCC_HCLK_DIV2
RCC.APB2Freq_Value=84000000
RCC.APB2TimFreq_Value=168000000
RCC.CortexFreq_Value=168000000
RCC.EthernetFreq_Value=168000000
RCC.FCLKCortexFreq_Value=168000000
RCC.FamilyName=M
RCC.HCLKFreq_Value=168000000
RCC.HSE_VALUE=25000000
RCC.HSI_VALUE=16000000
RCC.I2SClocksFreq_Value=192000000
RCC.IPParameters=48MHZClocksFreq_Value,AHBFreq_Value,APB1CLKDivider,APB1Freq_Value,APB1TimFreq_Value,APB2CLKDivider,APB2Freq_Value,APB2TimFreq_Value,CortexFreq_Value,EthernetFreq_Value,FCLKCortexFreq_Value,FamilyName,HCLKFreq_Value,HSE_VALUE,HSI_VALUE,I2SClocksFreq_Value,LSE_VALUE,LSI_VALUE,MCO2PinFreq_Value,PLLCLKFreq_Value,PLLM,PLLN,PLLQCLKFreq_Value,RTCFreq_Value,RTCHSEDivFreq_Value,SYSCLKFreq_VALUE,SYSCLKSource,VCOI2SOutputFreq_Value,VCOInputFreq_Value,VCOOutputFreq_Value,VcooutputI2S
RCC.LSE_VALUE=32768
RCC.LSI_VALUE=32000
RCC.MCO2PinFreq_Value=168000000
RCC.PLLCLKFreq_Value=168000000
RCC.PLLM=8
RCC.PLLN=168
RCC.PLLQCLKFreq_Value=84000000
RCC.RTCFreq_Value=32000
RCC.RTCHSEDivFreq_Value=12500000
RCC.SYSCLKFreq_VALUE=168000000
RCC.SYSCLKSource=RCC_SYSCLKSOURCE_PLLCLK
RCC.VCOI2SOutputFreq_Value=384000000
RCC.VCOInputFreq_Value=2000000
RCC.VCOOutputFreq_Value=336000000
RCC.VcooutputI2S=192000000
SH.GPXTI0.0=GPIO_EXTI0
SH.GPXTI0.ConfNb=1
SPI1.BaudRatePrescaler=SPI_BAUDRATEPRESCALER_32
SPI1.CalculateBaudRate=2.625 MBits/s
SPI1.Direction=SPI_DIRECTION_2LINES
SPI1.IPParameters=VirtualType,Mode,Direction,CalculateBaudRate,BaudRatePrescaler
SPI1.Mode=SPI_MODE_MASTER
SPI1.VirtualType=VM_MASTER
STMicroelectronics.X-CUBE-AI.10.2.0.ActivationBufferSizeList=2084
STMicroelectronics.X-CUBE-AI.10.2.0.ActivationBuffers=pool0
STMicroelectronics.X-CUBE-AI.10.2.0.ActivationNames=pool0
STMicroelectronics.X-CUBE-AI.10.2.0.ActivationSizes=AI_TEMP_CLASSIFIER_DATA_ACTIVATION_1_SIZE
STMicroelectronics.X-CUBE-AI.10.2.0.ArtificialOoIntelligenceJjXAaCUBEAaAI_Checked=true
STMicroelectronics.X-CUBE-AI.10.2.0.HeapSize=0x800
STMicroelectronics.X-CUBE-AI.10.2.0.IPParameters=HeapSize,StackSize,ModelName-27bf9062419343709f80ab0154728ed0a1e420b56d16e0eab484bcbe195ed1dd,ModelKind-27bf9062419343709f80ab0154728ed0a1e420b56d16e0eab484bcbe195ed1dd,ModelCompression-27bf9062419343709f80ab0154728ed0a1e420b56d16e0eab484bcbe195ed1dd,ModelHashList,ModelNameList,WorkingBufferStartAddrList,LatestDirectoryUsed-27bf9062419343709f80ab0154728ed0a1e420b56d16e0eab484bcbe195ed1dd,ModelStructureFile-27bf9062419343709f80ab0154728ed0a1e420b56d16e0eab484bcbe195ed1dd,ModelMacc-27bf9062419343709f80ab0154728ed0a1e420b56d16e0eab484bcbe195ed1dd,ModelActualCompression-27bf9062419343709f80ab0154728ed0a1e420b56d16e0eab484bcbe195ed1dd,ModelRamOccupation-27bf9062419343709f80ab0154728ed0a1e420b56d16e0eab484bcbe195ed1dd,ModelFlashOccupation-27bf9062419343709f80ab0154728ed0a1e420b56d16e0eab484bcbe195ed1dd,ModelType-27bf9062419343709f80ab0154728ed0a1e420b56d16e0eab484bcbe195ed1dd,copyWeightToRam,useInputAllocation,useOutputAllocation,customLayerConfigEnabled,noOnnxIoTranspose,ActivationBuffers,ActivationSizes,ActivationNames,InternalRamActivationBufferMaxSize,ActivationBufferSizeList,MaximumNumberOfInputLayer,MaximumNumberOfOutputLayer,MaximumSizeOfInputLayer,MaximumSizeOfOutputLayer,ReadyForCodeGeneration,copyWeightToRam-27bf9062419343709f80ab0154728ed0a1e420b56d16e0eab484bcbe195ed1dd,useInputAllocation-27bf9062419343709f80ab0154728ed0a1e420b56d16e0eab484bcbe195ed1dd,useOutputAllocation-27bf9062419343709f80ab0154728ed0a1e420b56d16e0eab484bcbe195ed1dd,customLayerConfigEnabled-27bf9062419343709f80ab0154728ed0a1e420b56d16e0eab484bcbe195ed1dd,noOnnxIoTranspose-27bf9062419343709f80ab0154728ed0a1e420b56d16e0eab484bcbe195ed1dd,XAaCUBEAaAICcArtificialOoIntelligenceJjCore
STMicroelectronics.X-CUBE-AI.10.2.0.InternalRamActivationBufferMaxSize=AI_TEMP_CLASSIFIER_DATA_ACTIVATIONS_SIZE
STMicroelectronics.X-CUBE-AI.10.2.0.LatestDirectoryUsed-27bf9062419343709f80ab0154728ed0a1e420b56d16e0eab484bcbe195ed1dd=D\:\\stm_ai
STMicroelectronics.X-CUBE-AI.10.2.0.MaximumNumberOfInputLayer=1
STMicroelectronics.X-CUBE-AI.10.2.0.MaximumNumberOfOutputLayer=1
STMicroelectronics.X-CUBE-AI.10.2.0.MaximumSizeOfInputLayer=1
STMicroelectronics.X-CUBE-AI.10.2.0.MaximumSizeOfOutputLayer=1
STMicroelectronics.X-CUBE-AI.10.2.0.ModelActualCompression-27bf9062419343709f80ab0154728ed0a1e420b56d16e0eab484bcbe195ed1dd=0.0
STMicroelectronics.X-CUBE-AI.10.2.0.ModelCompression-27bf9062419343709f80ab0154728ed0a1e420b56d16e0eab484bcbe195ed1dd=None
STMicroelectronics.X-CUBE-AI.10.2.0.ModelFlashOccupation-27bf9062419343709f80ab0154728ed0a1e420b56d16e0eab484bcbe195ed1dd=11472
STMicroelectronics.X-CUBE-AI.10.2.0.ModelHashList=27bf9062419343709f80ab0154728ed0a1e420b56d16e0eab484bcbe195ed1dd
STMicroelectronics.X-CUBE-AI.10.2.0.ModelKind-27bf9062419343709f80ab0154728ed0a1e420b56d16e0eab484bcbe195ed1dd=TFLITE
STMicroelectronics.X-CUBE-AI.10.2.0.ModelMacc-27bf9062419343709f80ab0154728ed0a1e420b56d16e0eab484bcbe195ed1dd=264
STMicroelectronics.X-CUBE-AI.10.2.0.ModelName-27bf9062419343709f80ab0154728ed0a1e420b56d16e0eab484bcbe195ed1dd=temp_classifier
STMicroelectronics.X-CUBE-AI.10.2.0.ModelNameList=temp_classifier
STMicroelectronics.X-CUBE-AI.10.2.0.ModelRamOccupation-27bf9062419343709f80ab0154728ed0a1e420b56d16e0eab484bcbe195ed1dd=2084
STMicroelectronics.X-CUBE-AI.10.2.0.ModelStructureFile-27bf9062419343709f80ab0154728ed0a1e420b56d16e0eab484bcbe195ed1dd=D\:\\stm_ai\\temp_classifer_1.tflite
STMicroelectronics.X-CUBE-AI.10.2.0.ModelType-27bf9062419343709f80ab0154728ed0a1e420b56d16e0eab484bcbe195ed1dd=STM32Cube.AI MCU runtime
STMicroelectronics.X-CUBE-AI.10.2.0.ReadyForCodeGeneration=true
STMicroelectronics.X-CUBE-AI.10.2.0.StackSize=0x800
STMicroelectronics.X-CUBE-AI.10.2.0.WorkingBufferStartAddrList=0xFFFFFFFF
STMicroelectronics.X-CUBE-AI.10.2.0.XAaCUBEAaAICcArtificialOoIntelligenceJjCore=true
STMicroelectronics.X-CUBE-AI.10.2.0.copyWeightToRam=false
STMicroelectronics.X-CUBE-AI.10.2.0.copyWeightToRam-27bf9062419343709f80ab0154728ed0a1e420b56d16e0eab484bcbe195ed1dd=false
STMicroelectronics.X-CUBE-AI.10.2.0.customLayerConfigEnabled=false
STMicroelectronics.X-CUBE-AI.10.2.0.customLayerConfigEnabled-27bf9062419343709f80ab0154728ed0a1e420b56d16e0eab484bcbe195ed1dd=false
STMicroelectronics.X-CUBE-AI.10.2.0.noOnnxIoTranspose=false
STMicroelectronics.X-CUBE-AI.10.2.0.noOnnxIoTranspose-27bf9062419343709f80ab0154728ed0a1e420b56d16e0eab484bcbe195ed1dd=false
STMicroelectronics.X-CUBE-AI.10.2.0.useInputAllocation=true
STMicroelectronics.X-CUBE-AI.10.2.0.useInputAllocation-27bf9062419343709f80ab0154728ed0a1e420b56d16e0eab484bcbe195ed1dd=true
STMicroelectronics.X-CUBE-AI.10.2.0.useOutputAllocation=true
STMicroelectronics.X-CUBE-AI.10.2.0.useOutputAllocation-27bf9062419343709f80ab0154728ed0a1e420b56d16e0eab484bcbe195ed1dd=true
STMicroelectronics.X-CUBE-AI.10.2.0_SwParameter=XAaCUBEAaAICcArtificialOoIntelligenceJjCore\:true;
TIM2.AutoReloadPreload=TIM_AUTORELOAD_PRELOAD_ENABLE
TIM2.IPParameters=Prescaler,Period,TIM_MasterOutputTrigger,AutoReloadPreload
TIM2.Period=4294967295
TIM2.Prescaler=83
TIM2.TIM_MasterOutputTrigger=TIM_TRGO_RESET
UART5.IPParameters=VirtualMode
UART5.VirtualMode=Asynchronous
VP_CRC_VS_CRC.Mode=CRC_Activate
VP_CRC_VS_CRC.Signal=CRC_VS_CRC
VP_STMicroelectronics.X-CUBE-AI_VS_ArtificialOoIntelligenceJjXAaCUBEAaAI_10.2.0.Mode=ArtificialOoIntelligenceJjXAaCUBEAaAI
VP_STMicroelectronics.X-CUBE-AI_VS_ArtificialOoIntelligenceJjXAaCUBEAaAI_10.2.0.Signal=STMicroelectronics.X-CUBE-AI_VS_ArtificialOoIntelligenceJjXAaCUBEAaAI_10.2.0
VP_SYS_VS_Systick.Mode=SysTick
VP_SYS_VS_Systick.Signal=SYS_VS_Systick
VP_TIM2_VS_ClockSourceINT.Mode=Internal
VP_TIM2_VS_ClockSourceINT.Signal=TIM2_VS_ClockSourceINT
board=custom
isbadioc=false
